
Microsoft Visual Studio Solution File, Format Version 12.00
# Visual Studio 15
VisualStudioVersion = 15.0.28307.1022
MinimumVisualStudioVersion = 10.0.40219.1
Project("{FAE04EC0-301F-11D3-BF4B-00C04F79EFBC}") = "Primeiro", "Primeiro\Primeiro.csproj", "{2EEB14AA-7177-47A7-8072-0CD4A22B9E72}"
EndProject
Global
	GlobalSection(SolutionConfigurationPlatforms) = preSolution
		Debug|Any CPU = Debug|Any CPU
		Release|Any CPU = Release|Any CPU
	EndGlobalSection
	GlobalSection(ProjectConfigurationPlatforms) = postSolution
		{2EEB14AA-7177-47A7-8072-0CD4A22B9E72}.Debug|Any CPU.ActiveCfg = Debug|Any CPU
		{2EEB14AA-7177-47A7-8072-0CD4A22B9E72}.Debug|Any CPU.Build.0 = Debug|Any CPU
		{2EEB14AA-7177-47A7-8072-0CD4A22B9E72}.Release|Any CPU.ActiveCfg = Release|Any CPU
		{2EEB14AA-7177-47A7-8072-0CD4A22B9E72}.Release|Any CPU.Build.0 = Release|Any CPU
	EndGlobalSection
	GlobalSection(SolutionProperties) = preSolution
		HideSolutionNode = FALSE
	EndGlobalSection
	GlobalSection(ExtensibilityGlobals) = postSolution
		SolutionGuid = {9433C9E7-D9A1-4DD2-AB0F-11FD7395315B}
	EndGlobalSection
EndGlobal
